
Microsoft Visual Studio Solution File, Format Version 12.00
# Visual Studio Version 16
VisualStudioVersion = 16.0.30804.86
MinimumVisualStudioVersion = 10.0.40219.1
Project("{FAE04EC0-301F-11D3-BF4B-00C04F79EFBC}") = "debugPluginLocally", "DesignAutomationForInventor1\debugPluginLocally\debugPluginLocally.csproj", "{39BFD8BF-9A11-471E-9F66-5F975B31BAC5}"
EndProject
Project("{FAE04EC0-301F-11D3-BF4B-00C04F79EFBC}") = "DesignAutomationForInventor1Plugin", "DesignAutomationForInventor1\DesignAutomationForInventor1Plugin\DesignAutomationForInventor1Plugin.csproj", "{48410EE5-8D99-471F-9BD6-94FCF0C98196}"
EndProject
Project("{9A19103F-16F7-4668-BE54-9A1E7A4F7556}") = "Interaction", "DesignAutomationForInventor1\Interaction\Interaction.csproj", "{21F1D54D-ADED-4958-9748-40CA4BC0BF11}"
	ProjectSection(ProjectDependencies) = postProject
		{48410EE5-8D99-471F-9BD6-94FCF0C98196} = {48410EE5-8D99-471F-9BD6-94FCF0C98196}
	EndProjectSection
EndProject
Global
	GlobalSection(SolutionConfigurationPlatforms) = preSolution
		Debug|Any CPU = Debug|Any CPU
		Release|Any CPU = Release|Any CPU
	EndGlobalSection
	GlobalSection(ProjectConfigurationPlatforms) = postSolution
		{39BFD8BF-9A11-471E-9F66-5F975B31BAC5}.Debug|Any CPU.ActiveCfg = Debug|Any CPU
		{39BFD8BF-9A11-471E-9F66-5F975B31BAC5}.Debug|Any CPU.Build.0 = Debug|Any CPU
		{39BFD8BF-9A11-471E-9F66-5F975B31BAC5}.Release|Any CPU.ActiveCfg = Release|Any CPU
		{39BFD8BF-9A11-471E-9F66-5F975B31BAC5}.Release|Any CPU.Build.0 = Release|Any CPU
		{48410EE5-8D99-471F-9BD6-94FCF0C98196}.Debug|Any CPU.ActiveCfg = Debug|Any CPU
		{48410EE5-8D99-471F-9BD6-94FCF0C98196}.Debug|Any CPU.Build.0 = Debug|Any CPU
		{48410EE5-8D99-471F-9BD6-94FCF0C98196}.Release|Any CPU.ActiveCfg = Release|Any CPU
		{48410EE5-8D99-471F-9BD6-94FCF0C98196}.Release|Any CPU.Build.0 = Release|Any CPU
		{21F1D54D-ADED-4958-9748-40CA4BC0BF11}.Debug|Any CPU.ActiveCfg = Debug|Any CPU
		{21F1D54D-ADED-4958-9748-40CA4BC0BF11}.Debug|Any CPU.Build.0 = Debug|Any CPU
		{21F1D54D-ADED-4958-9748-40CA4BC0BF11}.Release|Any CPU.ActiveCfg = Release|Any CPU
		{21F1D54D-ADED-4958-9748-40CA4BC0BF11}.Release|Any CPU.Build.0 = Release|Any CPU
	EndGlobalSection
	GlobalSection(SolutionProperties) = preSolution
		HideSolutionNode = FALSE
	EndGlobalSection
	GlobalSection(ExtensibilityGlobals) = postSolution
		SolutionGuid = {8E62738A-4F98-498C-9014-165050E21083}
	EndGlobalSection
EndGlobal
